// !$*UTF8*$!
{
	archiveVersion = 1;
	classes = {
	};
	objectVersion = 46;
	objects = {

/* Begin PBXBuildFile section */
		3830827A1DF7DA4200459568 /* Assets.xcassets in Resources */ = {isa = PBXBuildFile; fileRef = 383C47491DF694AF0006E133 /* Assets.xcassets */; };
		383C47431DF694AF0006E133 /* AppDelegate.swift in Sources */ = {isa = PBXBuildFile; fileRef = 383C47421DF694AF0006E133 /* AppDelegate.swift */; };
		383C47451DF694AF0006E133 /* ViewController.swift in Sources */ = {isa = PBXBuildFile; fileRef = 383C47441DF694AF0006E133 /* ViewController.swift */; };
		383C47481DF694AF0006E133 /* Main.storyboard in Resources */ = {isa = PBXBuildFile; fileRef = 383C47461DF694AF0006E133 /* Main.storyboard */; };
		383C474A1DF694AF0006E133 /* Assets.xcassets in Resources */ = {isa = PBXBuildFile; fileRef = 383C47491DF694AF0006E133 /* Assets.xcassets */; };
		383C474D1DF694AF0006E133 /* LaunchScreen.storyboard in Resources */ = {isa = PBXBuildFile; fileRef = 383C474B1DF694AF0006E133 /* LaunchScreen.storyboard */; };
		383C475B1DF695720006E133 /* KeyboardViewController.swift in Sources */ = {isa = PBXBuildFile; fileRef = 383C475A1DF695720006E133 /* KeyboardViewController.swift */; };
		383C475F1DF695720006E133 /* NT Keyboard.appex in Embed App Extensions */ = {isa = PBXBuildFile; fileRef = 383C47581DF695720006E133 /* NT Keyboard.appex */; settings = {ATTRIBUTES = (RemoveHeadersOnCopy, ); }; };
/* End PBXBuildFile section */

/* Begin PBXContainerItemProxy section */
		383C475D1DF695720006E133 /* PBXContainerItemProxy */ = {
			isa = PBXContainerItemProxy;
			containerPortal = 383C47371DF694AF0006E133 /* Project object */;
			proxyType = 1;
			remoteGlobalIDString = 383C47571DF695720006E133;
			remoteInfo = "NT Keyboard";
		};
/* End PBXContainerItemProxy section */

/* Begin PBXCopyFilesBuildPhase section */
		383C47631DF695720006E133 /* Embed App Extensions */ = {
			isa = PBXCopyFilesBuildPhase;
			buildActionMask = 2147483647;
			dstPath = "";
			dstSubfolderSpec = 13;
			files = (
				383C475F1DF695720006E133 /* NT Keyboard.appex in Embed App Extensions */,
			);
			name = "Embed App Extensions";
			runOnlyForDeploymentPostprocessing = 0;
		};
/* End PBXCopyFilesBuildPhase section */

/* Begin PBXFileReference section */
		383C473F1DF694AF0006E133 /* NTKeyboard.app */ = {isa = PBXFileReference; explicitFileType = wrapper.application; includeInIndex = 0; path = NTKeyboard.app; sourceTree = BUILT_PRODUCTS_DIR; };
		383C47421DF694AF0006E133 /* AppDelegate.swift */ = {isa = PBXFileReference; lastKnownFileType = sourcecode.swift; path = AppDelegate.swift; sourceTree = "<group>"; };
		383C47441DF694AF0006E133 /* ViewController.swift */ = {isa = PBXFileReference; lastKnownFileType = sourcecode.swift; path = ViewController.swift; sourceTree = "<group>"; };
		383C47471DF694AF0006E133 /* Base */ = {isa = PBXFileReference; lastKnownFileType = file.storyboard; name = Base; path = Base.lproj/Main.storyboard; sourceTree = "<group>"; };
		383C47491DF694AF0006E133 /* Assets.xcassets */ = {isa = PBXFileReference; lastKnownFileType = folder.assetcatalog; path = Assets.xcassets; sourceTree = "<group>"; };
		383C474C1DF694AF0006E133 /* Base */ = {isa = PBXFileReference; lastKnownFileType = file.storyboard; name = Base; path = Base.lproj/LaunchScreen.storyboard; sourceTree = "<group>"; };
		383C474E1DF694AF0006E133 /* Info.plist */ = {isa = PBXFileReference; lastKnownFileType = text.plist.xml; path = Info.plist; sourceTree = "<group>"; };
		383C47581DF695720006E133 /* NT Keyboard.appex */ = {isa = PBXFileReference; explicitFileType = "wrapper.app-extension"; includeInIndex = 0; path = "NT Keyboard.appex"; sourceTree = BUILT_PRODUCTS_DIR; };
		383C475A1DF695720006E133 /* KeyboardViewController.swift */ = {isa = PBXFileReference; lastKnownFileType = sourcecode.swift; path = KeyboardViewController.swift; sourceTree = "<group>"; };
		383C475C1DF695720006E133 /* Info.plist */ = {isa = PBXFileReference; lastKnownFileType = text.plist.xml; path = Info.plist; sourceTree = "<group>"; };
/* End PBXFileReference section */

/* Begin PBXFrameworksBuildPhase section */
		383C473C1DF694AF0006E133 /* Frameworks */ = {
			isa = PBXFrameworksBuildPhase;
			buildActionMask = 2147483647;
			files = (
			);
			runOnlyForDeploymentPostprocessing = 0;
		};
		383C47551DF695720006E133 /* Frameworks */ = {
			isa = PBXFrameworksBuildPhase;
			buildActionMask = 2147483647;
			files = (
			);
			runOnlyForDeploymentPostprocessing = 0;
		};
/* End PBXFrameworksBuildPhase section */

/* Begin PBXGroup section */
		383C47361DF694AF0006E133 = {
			isa = PBXGroup;
			children = (
				383C47411DF694AF0006E133 /* NTKeyboard */,
				383C47591DF695720006E133 /* NT Keyboard */,
				383C47401DF694AF0006E133 /* Products */,
			);
			sourceTree = "<group>";
		};
		383C47401DF694AF0006E133 /* Products */ = {
			isa = PBXGroup;
			children = (
				383C473F1DF694AF0006E133 /* NTKeyboard.app */,
				383C47581DF695720006E133 /* NT Keyboard.appex */,
			);
			name = Products;
			sourceTree = "<group>";
		};
		383C47411DF694AF0006E133 /* NTKeyboard */ = {
			isa = PBXGroup;
			children = (
				383C47421DF694AF0006E133 /* AppDelegate.swift */,
				383C47441DF694AF0006E133 /* ViewController.swift */,
				383C47461DF694AF0006E133 /* Main.storyboard */,
				383C47491DF694AF0006E133 /* Assets.xcassets */,
				383C474B1DF694AF0006E133 /* LaunchScreen.storyboard */,
				383C474E1DF694AF0006E133 /* Info.plist */,
			);
			path = NTKeyboard;
			sourceTree = "<group>";
		};
		383C47591DF695720006E133 /* NT Keyboard */ = {
			isa = PBXGroup;
			children = (
				383C475A1DF695720006E133 /* KeyboardViewController.swift */,
				383C475C1DF695720006E133 /* Info.plist */,
			);
			path = "NT Keyboard";
			sourceTree = "<group>";
		};
/* End PBXGroup section */

/* Begin PBXNativeTarget section */
		383C473E1DF694AF0006E133 /* NTKeyboard */ = {
			isa = PBXNativeTarget;
			buildConfigurationList = 383C47511DF694AF0006E133 /* Build configuration list for PBXNativeTarget "NTKeyboard" */;
			buildPhases = (
				383C473B1DF694AF0006E133 /* Sources */,
				383C473C1DF694AF0006E133 /* Frameworks */,
				383C473D1DF694AF0006E133 /* Resources */,
				383C47631DF695720006E133 /* Embed App Extensions */,
			);
			buildRules = (
			);
			dependencies = (
				383C475E1DF695720006E133 /* PBXTargetDependency */,
			);
			name = NTKeyboard;
			productName = NTKeyboard;
			productReference = 383C473F1DF694AF0006E133 /* NTKeyboard.app */;
			productType = "com.apple.product-type.application";
		};
		383C47571DF695720006E133 /* NT Keyboard */ = {
			isa = PBXNativeTarget;
			buildConfigurationList = 383C47601DF695720006E133 /* Build configuration list for PBXNativeTarget "NT Keyboard" */;
			buildPhases = (
				383C47541DF695720006E133 /* Sources */,
				383C47551DF695720006E133 /* Frameworks */,
				383C47561DF695720006E133 /* Resources */,
			);
			buildRules = (
			);
			dependencies = (
			);
			name = "NT Keyboard";
			productName = "NT Keyboard";
			productReference = 383C47581DF695720006E133 /* NT Keyboard.appex */;
			productType = "com.apple.product-type.app-extension";
		};
/* End PBXNativeTarget section */

/* Begin PBXProject section */
		383C47371DF694AF0006E133 /* Project object */ = {
			isa = PBXProject;
			attributes = {
				LastSwiftUpdateCheck = 0810;
				LastUpgradeCheck = 0810;
				ORGANIZATIONNAME = "Nathan Tannar";
				TargetAttributes = {
					383C473E1DF694AF0006E133 = {
						CreatedOnToolsVersion = 8.1;
						DevelopmentTeam = 9EUCWD26TP;
						ProvisioningStyle = Automatic;
					};
					383C47571DF695720006E133 = {
						CreatedOnToolsVersion = 8.1;
						DevelopmentTeam = 9EUCWD26TP;
						ProvisioningStyle = Automatic;
					};
				};
			};
			buildConfigurationList = 383C473A1DF694AF0006E133 /* Build configuration list for PBXProject "NTKeyboard" */;
			compatibilityVersion = "Xcode 3.2";
			developmentRegion = English;
			hasScannedForEncodings = 0;
			knownRegions = (
				en,
				Base,
			);
			mainGroup = 383C47361DF694AF0006E133;
			productRefGroup = 383C47401DF694AF0006E133 /* Products */;
			projectDirPath = "";
			projectRoot = "";
			targets = (
				383C473E1DF694AF0006E133 /* NTKeyboard */,
				383C47571DF695720006E133 /* NT Keyboard */,
			);
		};
/* End PBXProject section */

/* Begin PBXResourcesBuildPhase section */
		383C473D1DF694AF0006E133 /* Resources */ = {
			isa = PBXResourcesBuildPhase;
			buildActionMask = 2147483647;
			files = (
				383C474D1DF694AF0006E133 /* LaunchScreen.storyboard in Resources */,
				383C474A1DF694AF0006E133 /* Assets.xcassets in Resources */,
				383C47481DF694AF0006E133 /* Main.storyboard in Resources */,
			);
			runOnlyForDeploymentPostprocessing = 0;
		};
		383C47561DF695720006E133 /* Resources */ = {
			isa = PBXResourcesBuildPhase;
			buildActionMask = 2147483647;
			files = (
				3830827A1DF7DA4200459568 /* Assets.xcassets in Resources */,
			);
			runOnlyForDeploymentPostprocessing = 0;
		};
/* End PBXResourcesBuildPhase section */

/* Begin PBXSourcesBuildPhase section */
		383C473B1DF694AF0006E133 /* Sources */ = {
			isa = PBXSourcesBuildPhase;
			buildActionMask = 2147483647;
			files = (
				383C47451DF694AF0006E133 /* ViewController.swift in Sources */,
				383C47431DF694AF0006E133 /* AppDelegate.swift in Sources */,
			);
			runOnlyForDeploymentPostprocessing = 0;
		};
		383C47541DF695720006E133 /* Sources */ = {
			isa = PBXSourcesBuildPhase;
			buildActionMask = 2147483647;
			files = (
				383C475B1DF695720006E133 /* KeyboardViewController.swift in Sources */,
			);
			runOnlyForDeploymentPostprocessing = 0;
		};
/* End PBXSourcesBuildPhase section */

/* Begin PBXTargetDependency section */
		383C475E1DF695720006E133 /* PBXTargetDependency */ = {
			isa = PBXTargetDependency;
			target = 383C47571DF695720006E133 /* NT Keyboard */;
			targetProxy = 383C475D1DF695720006E133 /* PBXContainerItemProxy */;
		};
/* End PBXTargetDependency section */

/* Begin PBXVariantGroup section */
		383C47461DF694AF0006E133 /* Main.storyboard */ = {
			isa = PBXVariantGroup;
			children = (
				383C47471DF694AF0006E133 /* Base */,
			);
			name = Main.storyboard;
			sourceTree = "<group>";
		};
		383C474B1DF694AF0006E133 /* LaunchScreen.storyboard */ = {
			isa = PBXVariantGroup;
			children = (
				383C474C1DF694AF0006E133 /* Base */,
			);
			name = LaunchScreen.storyboard;
			sourceTree = "<group>";
		};
/* End PBXVariantGroup section */

/* Begin XCBuildConfiguration section */
		383C474F1DF694AF0006E133 /* Debug */ = {
			isa = XCBuildConfiguration;
			buildSettings = {
				ALWAYS_SEARCH_USER_PATHS = NO;
				CLANG_ANALYZER_NONNULL = YES;
				CLANG_CXX_LANGUAGE_STANDARD = "gnu++0x";
				CLANG_CXX_LIBRARY = "libc++";
				CLANG_ENABLE_MODULES = YES;
				CLANG_ENABLE_OBJC_ARC = YES;
				CLANG_WARN_BOOL_CONVERSION = YES;
				CLANG_WARN_CONSTANT_CONVERSION = YES;
				CLANG_WARN_DIRECT_OBJC_ISA_USAGE = YES_ERROR;
				CLANG_WARN_DOCUMENTATION_COMMENTS = YES;
				CLANG_WARN_EMPTY_BODY = YES;
				CLANG_WARN_ENUM_CONVERSION = YES;
				CLANG_WARN_INFINITE_RECURSION = YES;
				CLANG_WARN_INT_CONVERSION = YES;
				CLANG_WARN_OBJC_ROOT_CLASS = YES_ERROR;
				CLANG_WARN_SUSPICIOUS_MOVES = YES;
				CLANG_WARN_UNREACHABLE_CODE = YES;
				CLANG_WARN__DUPLICATE_METHOD_MATCH = YES;
				"CODE_SIGN_IDENTITY[sdk=iphoneos*]" = "iPhone Developer";
				COPY_PHASE_STRIP = NO;
				DEBUG_INFORMATION_FORMAT = dwarf;
				ENABLE_STRICT_OBJC_MSGSEND = YES;
				ENABLE_TESTABILITY = YES;
				GCC_C_LANGUAGE_STANDARD = gnu99;
				GCC_DYNAMIC_NO_PIC = NO;
				GCC_NO_COMMON_BLOCKS = YES;
				GCC_OPTIMIZATION_LEVEL = 0;
				GCC_PREPROCESSOR_DEFINITIONS = (
					"DEBUG=1",
					"$(inherited)",
				);
				GCC_WARN_64_TO_32_BIT_CONVERSION = YES;
				GCC_WARN_ABOUT_RETURN_TYPE = YES_ERROR;
				GCC_WARN_UNDECLARED_SELECTOR = YES;
				GCC_WARN_UNINITIALIZED_AUTOS = YES_AGGRESSIVE;
				GCC_WARN_UNUSED_FUNCTION = YES;
				GCC_WARN_UNUSED_VARIABLE = YES;
				IPHONEOS_DEPLOYMENT_TARGET = 10.1;
				MTL_ENABLE_DEBUG_INFO = YES;
				ONLY_ACTIVE_ARCH = YES;
				SDKROOT = iphoneos;
				SWIFT_ACTIVE_COMPILATION_CONDITIONS = DEBUG;
				SWIFT_OPTIMIZATION_LEVEL = "-Onone";
			};
			name = Debug;
		};
		383C47501DF694AF0006E133 /* Release */ = {
			isa = XCBuildConfiguration;
			buildSettings = {
				ALWAYS_SEARCH_USER_PATHS = NO;
				CLANG_ANALYZER_NONNULL = YES;
				CLANG_CXX_LANGUAGE_STANDARD = "gnu++0x";
				CLANG_CXX_LIBRARY = "libc++";
				CLANG_ENABLE_MODULES = YES;
				CLANG_ENABLE_OBJC_ARC = YES;
				CLANG_WARN_BOOL_CONVERSION = YES;
				CLANG_WARN_CONSTANT_CONVERSION = YES;
				CLANG_WARN_DIRECT_OBJC_ISA_USAGE = YES_ERROR;
				CLANG_WARN_DOCUMENTATION_COMMENTS = YES;
				CLANG_WARN_EMPTY_BODY = YES;
				CLANG_WARN_ENUM_CONVERSION = YES;
				CLANG_WARN_INFINITE_RECURSION = YES;
				CLANG_WARN_INT_CONVERSION = YES;
				CLANG_WARN_OBJC_ROOT_CLASS = YES_ERROR;
				CLANG_WARN_SUSPICIOUS_MOVES = YES;
				CLANG_WARN_UNREACHABLE_CODE = YES;
				CLANG_WARN__DUPLICATE_METHOD_MATCH = YES;
				"CODE_SIGN_IDENTITY[sdk=iphoneos*]" = "iPhone Developer";
				COPY_PHASE_STRIP = NO;
				DEBUG_INFORMATION_FORMAT = "dwarf-with-dsym";
				ENABLE_NS_ASSERTIONS = NO;
				ENABLE_STRICT_OBJC_MSGSEND = YES;
				GCC_C_LANGUAGE_STANDARD = gnu99;
				GCC_NO_COMMON_BLOCKS = YES;
				GCC_WARN_64_TO_32_BIT_CONVERSION = YES;
				GCC_WARN_ABOUT_RETURN_TYPE = YES_ERROR;
				GCC_WARN_UNDECLARED_SELECTOR = YES;
				GCC_WARN_UNINITIALIZED_AUTOS = YES_AGGRESSIVE;
				GCC_WARN_UNUSED_FUNCTION = YES;
				GCC_WARN_UNUSED_VARIABLE = YES;
				IPHONEOS_DEPLOYMENT_TARGET = 10.1;
				MTL_ENABLE_DEBUG_INFO = NO;
				SDKROOT = iphoneos;
				SWIFT_OPTIMIZATION_LEVEL = "-Owholemodule";
				VALIDATE_PRODUCT = YES;
			};
			name = Release;
		};
		383C47521DF694AF0006E133 /* Debug */ = {
			isa = XCBuildConfiguration;
			buildSettings = {
				ALWAYS_EMBED_SWIFT_STANDARD_LIBRARIES = YES;
				ASSETCATALOG_COMPILER_APPICON_NAME = AppIcon;
				DEVELOPMENT_TEAM = 9EUCWD26TP;
				INFOPLIST_FILE = NTKeyboard/Info.plist;
				IPHONEOS_DEPLOYMENT_TARGET = 10.0;
				LD_RUNPATH_SEARCH_PATHS = "$(inherited) @executable_path/Frameworks";
				PRODUCT_BUNDLE_IDENTIFIER = com.NathanTannar.NTKeyboard;
				PRODUCT_NAME = "$(TARGET_NAME)";
				SWIFT_VERSION = 3.0;
			};
			name = Debug;
		};
		383C47531DF694AF0006E133 /* Release */ = {
			isa = XCBuildConfiguration;
			buildSettings = {
				ALWAYS_EMBED_SWIFT_STANDARD_LIBRARIES = YES;
				ASSETCATALOG_COMPILER_APPICON_NAME = AppIcon;
				DEVELOPMENT_TEAM = 9EUCWD26TP;
				INFOPLIST_FILE = NTKeyboard/Info.plist;
				IPHONEOS_DEPLOYMENT_TARGET = 10.0;
				LD_RUNPATH_SEARCH_PATHS = "$(inherited) @executable_path/Frameworks";
				PRODUCT_BUNDLE_IDENTIFIER = com.NathanTannar.NTKeyboard;
				PRODUCT_NAME = "$(TARGET_NAME)";
				SWIFT_VERSION = 3.0;
			};
			name = Release;
		};
		383C47611DF695720006E133 /* Debug */ = {
			isa = XCBuildConfiguration;
			buildSettings = {
				DEVELOPMENT_TEAM = 9EUCWD26TP;
				INFOPLIST_FILE = "NT Keyboard/Info.plist";
				IPHONEOS_DEPLOYMENT_TARGET = 10.0;
				LD_RUNPATH_SEARCH_PATHS = "$(inherited) @executable_path/Frameworks @executable_path/../../Frameworks";
				PRODUCT_BUNDLE_IDENTIFIER = "com.NathanTannar.NTKeyboard.NT-Keyboard";
				PRODUCT_NAME = "$(TARGET_NAME)";
				SKIP_INSTALL = YES;
				SWIFT_VERSION = 3.0;
			};
			name = Debug;
		};
		383C47621DF695720006E133 /* Release */ = {
			isa = XCBuildConfiguration;
			buildSettings = {
				DEVELOPMENT_TEAM = 9EUCWD26TP;
				INFOPLIST_FILE = "NT Keyboard/Info.plist";
				IPHONEOS_DEPLOYMENT_TARGET = 10.0;
				LD_RUNPATH_SEARCH_PATHS = "$(inherited) @executable_path/Frameworks @executable_path/../../Frameworks";
				PRODUCT_BUNDLE_IDENTIFIER = "com.NathanTannar.NTKeyboard.NT-Keyboard";
				PRODUCT_NAME = "$(TARGET_NAME)";
				SKIP_INSTALL = YES;
				SWIFT_VERSION = 3.0;
			};
			name = Release;
		};
/* End XCBuildConfiguration section */

/* Begin XCConfigurationList section */
		383C473A1DF694AF0006E133 /* Build configuration list for PBXProject "NTKeyboard" */ = {
			isa = XCConfigurationList;
			buildConfigurations = (
				383C474F1DF694AF0006E133 /* Debug */,
				383C47501DF694AF0006E133 /* Release */,
			);
			defaultConfigurationIsVisible = 0;
			defaultConfigurationName = Release;
		};
		383C47511DF694AF0006E133 /* Build configuration list for PBXNativeTarget "NTKeyboard" */ = {
			isa = XCConfigurationList;
			buildConfigurations = (
				383C47521DF694AF0006E133 /* Debug */,
				383C47531DF694AF0006E133 /* Release */,
			);
			defaultConfigurationIsVisible = 0;
			defaultConfigurationName = Release;
		};
		383C47601DF695720006E133 /* Build configuration list for PBXNativeTarget "NT Keyboard" */ = {
			isa = XCConfigurationList;
			buildConfigurations = (
				383C47611DF695720006E133 /* Debug */,
				383C47621DF695720006E133 /* Release */,
			);
			defaultConfigurationIsVisible = 0;
			defaultConfigurationName = Release;
		};
/* End XCConfigurationList section */
	};
	rootObject = 383C47371DF694AF0006E133 /* Project object */;
}
